
Microsoft Visual Studio Solution File, Format Version 12.00
# Visual Studio Version 17
VisualStudioVersion = 17.4.33213.308
MinimumVisualStudioVersion = 10.0.40219.1
Project("{FAE04EC0-301F-11D3-BF4B-00C04F79EFBC}") = "MaraphonApp", "MaraphonApp.csproj", "{7420BB8D-1969-41FC-8144-2DAEDADC9E68}"
EndProject
Project("{FAE04EC0-301F-11D3-BF4B-00C04F79EFBC}") = "LoginPageTests", "LoginPageTests\LoginPageTests.csproj", "{16102DD2-FC14-4E72-9443-9E421E125A11}"
EndProject
Global
	GlobalSection(SolutionConfigurationPlatforms) = preSolution
		Debug|Any CPU = Debug|Any CPU
		Release|Any CPU = Release|Any CPU
	EndGlobalSection
	GlobalSection(ProjectConfigurationPlatforms) = postSolution
		{7420BB8D-1969-41FC-8144-2DAEDADC9E68}.Debug|Any CPU.ActiveCfg = Debug|Any CPU
		{7420BB8D-1969-41FC-8144-2DAEDADC9E68}.Debug|Any CPU.Build.0 = Debug|Any CPU
		{7420BB8D-1969-41FC-8144-2DAEDADC9E68}.Release|Any CPU.ActiveCfg = Release|Any CPU
		{7420BB8D-1969-41FC-8144-2DAEDADC9E68}.Release|Any CPU.Build.0 = Release|Any CPU
		{16102DD2-FC14-4E72-9443-9E421E125A11}.Debug|Any CPU.ActiveCfg = Debug|Any CPU
		{16102DD2-FC14-4E72-9443-9E421E125A11}.Debug|Any CPU.Build.0 = Debug|Any CPU
		{16102DD2-FC14-4E72-9443-9E421E125A11}.Release|Any CPU.ActiveCfg = Release|Any CPU
		{16102DD2-FC14-4E72-9443-9E421E125A11}.Release|Any CPU.Build.0 = Release|Any CPU
	EndGlobalSection
	GlobalSection(SolutionProperties) = preSolution
		HideSolutionNode = FALSE
	EndGlobalSection
	GlobalSection(ExtensibilityGlobals) = postSolution
		SolutionGuid = {5D168F0C-0994-4DA0-AE02-C2E92C4FB9F7}
	EndGlobalSection
EndGlobal
